{
  "originHash" : "ed8d3655c9611c95a4e93a090a2980b19787fd418c179c7668d123810dc2009e",
  "pins" : [
    {
      "identity" : "bigint",
      "kind" : "remoteSourceControl",
      "location" : "https://github.com/attaswift/BigInt.git",
      "state" : {
        "revision" : "793a7fac0bfc318e85994bf6900652e827aef33e",
        "version" : "5.4.1"
      }
    },
    {
      "identity" : "libkeccak.swift",
      "kind" : "remoteSourceControl",
      "location" : "https://github.com/lumoscompany/libkeccak.swift",
      "state" : {
        "revision" : "a393f0317202b303b37978d4ef62b5149b747b2c",
        "version" : "0.1.1"
      }
    },
    {
      "identity" : "libsecp256k1.swift",
      "kind" : "remoteSourceControl",
      "location" : "https://github.com/lumoscompany/libsecp256k1.swift",
      "state" : {
        "revision" : "02a9012012fdfc2aab3895a1f0d170ef258026e8",
        "version" : "0.1.0"
      }
    },
    {
      "identity" : "swift-crypto",
      "kind" : "remoteSourceControl",
      "location" : "https://github.com/apple/swift-crypto.git",
      "state" : {
        "revision" : "ffca28be3c9c6a86a579949d23f68818a4b9b5d8",
        "version" : "3.8.0"
      }
    },
    {
      "identity" : "swift-essentials",
      "kind" : "remoteSourceControl",
      "location" : "https://github.com/lumoscompany/swift-essentials",
      "state" : {
        "revision" : "8b545ef68059b2c2c82dbe688ede1794308629ac",
        "version" : "0.0.18"
      }
    }
  ],
  "version" : 3
}
