{
  "originHash" : "52fa9a9de07781be777196826776fce6e1fca90c52135a48e5ff24ce3b677c9b",
  "pins" : [
    {
      "identity" : "bigint",
      "kind" : "remoteSourceControl",
      "location" : "https://github.com/attaswift/BigInt.git",
      "state" : {
        "revision" : "793a7fac0bfc318e85994bf6900652e827aef33e",
        "version" : "5.4.1"
      }
    },
    {
      "identity" : "libkeccak.swift",
      "kind" : "remoteSourceControl",
      "location" : "https://github.com/lumoscompany/libkeccak.swift",
      "state" : {
        "revision" : "f850d610588d647504840e7d1839e9e80148dfb7",
        "version" : "0.1.0"
      }
    },
    {
      "identity" : "libsecp256k1.swift",
      "kind" : "remoteSourceControl",
      "location" : "https://github.com/lumoscompany/libsecp256k1.swift",
      "state" : {
        "revision" : "02a9012012fdfc2aab3895a1f0d170ef258026e8",
        "version" : "0.1.0"
      }
    },
    {
      "identity" : "swift-crypto",
      "kind" : "remoteSourceControl",
      "location" : "https://github.com/apple/swift-crypto.git",
      "state" : {
        "revision" : "ffca28be3c9c6a86a579949d23f68818a4b9b5d8",
        "version" : "3.8.0"
      }
    },
    {
      "identity" : "swift-essentials",
      "kind" : "remoteSourceControl",
      "location" : "https://github.com/lumoscompany/swift-essentials",
      "state" : {
        "revision" : "8b545ef68059b2c2c82dbe688ede1794308629ac",
        "version" : "0.0.18"
      }
    }
  ],
  "version" : 3
}
